
Microsoft Visual Studio Solution File, Format Version 12.00
# Visual Studio 15
Project("{FAE04EC0-301F-11D3-BF4B-00C04F79EFBC}") = "Procedural Terrain Generation", "Assembly-CSharp-firstpass.csproj", "{E82AA3AA-E89B-3C47-FEC1-CC7E8012FBEF}"
EndProject
Project("{FAE04EC0-301F-11D3-BF4B-00C04F79EFBC}") = "Procedural Terrain Generation", "Assembly-CSharp-Editor-firstpass.csproj", "{4A8D9D90-207A-89F8-1846-3C8928E72A22}"
EndProject
Global
	GlobalSection(SolutionConfigurationPlatforms) = preSolution
		Debug|Any CPU = Debug|Any CPU
		Release|Any CPU = Release|Any CPU
	EndGlobalSection
	GlobalSection(ProjectConfigurationPlatforms) = postSolution
		{E82AA3AA-E89B-3C47-FEC1-CC7E8012FBEF}.Debug|Any CPU.ActiveCfg = Debug|Any CPU
		{E82AA3AA-E89B-3C47-FEC1-CC7E8012FBEF}.Debug|Any CPU.Build.0 = Debug|Any CPU
		{E82AA3AA-E89B-3C47-FEC1-CC7E8012FBEF}.Release|Any CPU.ActiveCfg = Release|Any CPU
		{E82AA3AA-E89B-3C47-FEC1-CC7E8012FBEF}.Release|Any CPU.Build.0 = Release|Any CPU
		{4A8D9D90-207A-89F8-1846-3C8928E72A22}.Debug|Any CPU.ActiveCfg = Debug|Any CPU
		{4A8D9D90-207A-89F8-1846-3C8928E72A22}.Debug|Any CPU.Build.0 = Debug|Any CPU
		{4A8D9D90-207A-89F8-1846-3C8928E72A22}.Release|Any CPU.ActiveCfg = Release|Any CPU
		{4A8D9D90-207A-89F8-1846-3C8928E72A22}.Release|Any CPU.Build.0 = Release|Any CPU
	EndGlobalSection
	GlobalSection(SolutionProperties) = preSolution
		HideSolutionNode = FALSE
	EndGlobalSection
EndGlobal
